<?xml version="1.0" encoding="utf-8"?>
<Project ToolsVersion="17.0" xmlns="http://schemas.microsoft.com/developer/msbuild/2003">
  <ItemGroup>
    <ClCompile Include="C:\Users\liamk\Documents\University\3rd-Year\Semester-2\COSC345\SLOM\tests\main_t.cpp">
      <Filter>Source Files</Filter>
    </ClCompile>
    <ClCompile Include="C:\Users\liamk\Documents\University\3rd-Year\Semester-2\COSC345\SLOM\tests\test_utils.cpp">
      <Filter>Source Files</Filter>
    </ClCompile>
    <ClCompile Include="C:\Users\liamk\Documents\University\3rd-Year\Semester-2\COSC345\SLOM\tests\input_handler_t.cpp">
      <Filter>Source Files</Filter>
    </ClCompile>
  </ItemGroup>
  <ItemGroup>
    <CustomBuild Include="C:\Users\liamk\Documents\University\3rd-Year\Semester-2\COSC345\SLOM\tests\CMakeLists.txt" />
  </ItemGroup>
  <ItemGroup>
    <Filter Include="Source Files">
      <UniqueIdentifier>{1B24BEBB-F589-33FD-BD25-45825989DB7A}</UniqueIdentifier>
    </Filter>
  </ItemGroup>
</Project>
